{
  "version": 4,
  "terraform_version": "1.15.8",
  "serial": 55,
  "lineage": "e360b17e-f0ba-3ccb-0e04-449b732db439",
  "outputs": {
    "account_id": {
      "value": "726101441380",
      "type": "string"
    },
    "cloudfront_distribution_id": {
      "value": null,
      "type": "string"
    },
    "cloudfront_domain": {
      "value": null,
      "type": "string"
    },
    "frontend_bucket": {
      "value": "ram-ecom-frontend",
      "type": "string"
    },
    "region": {
      "value": "ap-southeast-1",
      "type": "string"
    },
    "user_arn": {
      "value": "arn:aws:sts::726101441380:assumed-role/AWSReservedSSO_AWS-Academy-Developer_d6d0c9c82c7bf980/ramkumar.j@idp.com",
      "type": "string"
    }
  },
  "resources": [
    {
      "mode": "data",
      "type": "archive_file",
      "name": "lambda_zip",
      "provider": "provider[\"registry.terraform.io/hashicorp/archive\"]",
      "instances": [
        {
          "index_key": "analytics",
          "schema_version": 0,
          "attributes": {
            "exclude_symlink_directories": null,
            "excludes": null,
            "id": "93048b7408830214e57c8223ee792796135ad8a0",
            "output_base64sha256": "zUdUridrNSUgbdQCzX0FCnlf167ls/sYolCiFVMBeJU=",
            "output_base64sha512": "nc59w0Z75Igt6yCLsj7VcDehGR1n7nr4SJTve50yivyIogSGR+Rg9X1d8wlXzskk4auGZ4+p48SlmNyoqfWp4A==",
            "output_file_mode": null,
            "output_md5": "04aa75ce1aeff6063242c5bd298ce32d",
            "output_path": "./build/analytics.zip",
            "output_sha": "93048b7408830214e57c8223ee792796135ad8a0",
            "output_sha256": "cd4754ae276b3525206dd402cd7d050a795fd7aee5b3fb18a250a21553017895",
            "output_sha512": "9dce7dc3467be4882deb208bb23ed57037a1191d67ee7af84894ef7b9d328afc88a2048647e460f57d5df30957cec924e1ab86678fa9e3c4a598dca8a9f5a9e0",
            "output_size": 43110587,
            "source": [],
            "source_content": null,
            "source_content_filename": null,
            "source_dir": "../analytics-service",
            "source_file": null,
            "type": "zip"
          },
          "sensitive_attributes": [],
          "identity_schema_version": 0
        },
        {
          "index_key": "auth",
          "schema_version": 0,
          "attributes": {
            "exclude_symlink_directories": null,
            "excludes": null,
            "id": "969adb94d3074679f220e008eba760b9d5e279be",
            "output_base64sha256": "6W17bDY+9ObAmrWJMj/t72KFt/qj0vNVI9UHLIPuc30=",
            "output_base64sha512": "PAFEr9J8qnlKBoKLl1MwsmO29n6xwLCPBlqYR02SDNyfmnCHUdIEJ1ZVZqkgXdKwQZY6O7vPhc6ZRdvh8u6ROA==",
            "output_file_mode": null,
            "output_md5": "1390f0005b2527f8f38981746c2d5325",
            "output_path": "./build/auth.zip",
            "output_sha": "969adb94d3074679f220e008eba760b9d5e279be",
            "output_sha256": "e96d7b6c363ef4e6c09ab589323fedef6285b7faa3d2f35523d5072c83ee737d",
            "output_sha512": "3c0144afd27caa794a06828b975330b263b6f67eb1c0b08f065a98474d920cdc9f9a708751d20427565566a9205dd2b041963a3bbbcf85ce9945dbe1f2ee9138",
            "output_size": 29045263,
            "source": [],
            "source_content": null,
            "source_content_filename": null,
            "source_dir": "../auth-service",
            "source_file": null,
            "type": "zip"
          },
          "sensitive_attributes": [],
          "identity_schema_version": 0
        },
        {
          "index_key": "cart",
          "schema_version": 0,
          "attributes": {
            "exclude_symlink_directories": null,
            "excludes": null,
            "id": "eb8c88fbf9c3bf9949c12ef8f80eb52c0ba73ef8",
            "output_base64sha256": "mW97VJLT7GDKcqwYbnC6j358IHVwIROZmImXu/nqMB4=",
            "output_base64sha512": "CnNKI/bFwggErtKmH51YxioqJLWpXH42mVFZYw1mzQbbttqNZvLfl5IRxv9rLJCvxYrVMQ2L8SzYs8wiXuGoDA==",
            "output_file_mode": null,
            "output_md5": "79328b06ebbe40f7d7c8f3bd19c69cb5",
            "output_path": "./build/cart.zip",
            "output_sha": "eb8c88fbf9c3bf9949c12ef8f80eb52c0ba73ef8",
            "output_sha256": "996f7b5492d3ec60ca72ac186e70ba8f7e7c207570211399988997bbf9ea301e",
            "output_sha512": "0a734a23f6c5c20804aed2a61f9d58c62a2a24b5a95c7e36995159630d66cd06dbb6da8d66f2df979211c6ff6b2c90afc58ad5310d8bf12cd8b3cc225ee1a80c",
            "output_size": 30559208,
            "source": [],
            "source_content": null,
            "source_content_filename": null,
            "source_dir": "../cart-service",
            "source_file": null,
            "type": "zip"
          },
          "sensitive_attributes": [],
          "identity_schema_version": 0
        },
        {
          "index_key": "inventory",
          "schema_version": 0,
          "attributes": {
            "exclude_symlink_directories": null,
            "excludes": null,
            "id": "1b479cd550f243bd33a6a56a085edb3999dbd7d7",
            "output_base64sha256": "TUqU0N+uE/chhbsaE1eK7UjFYq1d676gScav7/hyJ8E=",
            "output_base64sha512": "JtYi5Jhd0qs9gtP6wLaxYWkiq2viY43KkxBtWbIYJ+BLDAz7gf+3aYERUbvbQEFmcO4eOEzmkViH/AnYyUQTIw==",
            "output_file_mode": null,
            "output_md5": "6306382023bcc1937b35db1246c73812",
            "output_path": "./build/inventory.zip",
            "output_sha": "1b479cd550f243bd33a6a56a085edb3999dbd7d7",
            "output_sha256": "4d4a94d0dfae13f72185bb1a13578aed48c562ad5debbea049c6afeff87227c1",
            "output_sha512": "26d622e4985dd2ab3d82d3fac0b6b1616922ab6be2638dca93106d59b21827e04b0c0cfb81ffb769811151bbdb40416670ee1e384ce6915887fc09d8c9441323",
            "output_size": 30556477,
            "source": [],
            "source_content": null,
            "source_content_filename": null,
            "source_dir": "../inventory-service",
            "source_file": null,
            "type": "zip"
          },
          "sensitive_attributes": [],
          "identity_schema_version": 0
        },
        {
          "index_key": "notification",
          "schema_version": 0,
          "attributes": {
            "exclude_symlink_directories": null,
            "excludes": null,
            "id": "0b220324cf600a4e45a4ae394718ac3eb109778d",
            "output_base64sha256": "NwwHB+y+cIhhyNbm7qcwpavCmnWGWey0PXUHPEZ1L+8=",
            "output_base64sha512": "GcakqY3CsEV7rypQDzhfTwrrbpsjwDlipj1QIAJw2Ap7IddHr45LLTz2fCNwUvoFDD1nCyXtJuTX9vlVLSfwKw==",
            "output_file_mode": null,
            "output_md5": "12857be1eaefe9b1e0c722aa989e9470",
            "output_path": "./build/notification.zip",
            "output_sha": "0b220324cf600a4e45a4ae394718ac3eb109778d",
            "output_sha256": "370c0707ecbe708861c8d6e6eea730a5abc29a758659ecb43d75073c46752fef",
            "output_sha512": "19c6a4a98dc2b0457baf2a500f385f4f0aeb6e9b23c03962a63d50200270d80a7b21d747af8e4b2d3cf67c237052fa050c3d670b25ed26e4d7f6f9552d27f02b",
            "output_size": 30592753,
            "source": [],
            "source_content": null,
            "source_content_filename": null,
            "source_dir": "../notification-service",
            "source_file": null,
            "type": "zip"
          },
          "sensitive_attributes": [],
          "identity_schema_version": 0
        },
        {
          "index_key": "order",
          "schema_version": 0,
          "attributes": {
            "exclude_symlink_directories": null,
            "excludes": null,
            "id": "d30c1dffd3edf25f626e07fa34d9690eb4d88e84",
            "output_base64sha256": "HGn7Yct9iZNstzdNIN3W9g6c5MZiFNxPYL4uUXUPGXc=",
            "output_base64sha512": "NrhQcqfFRRnLhkeD1oe1CnotIeaoDaqSTOzOVAfWEZ4Hq664JmpY67Tvg16meM7NQhN/6vt1lkRRDgvh/24ZOQ==",
            "output_file_mode": null,
            "output_md5": "6767a04a3bc5343f9bb8ffe7bc4781f9",
            "output_path": "./build/order.zip",
            "output_sha": "d30c1dffd3edf25f626e07fa34d9690eb4d88e84",
            "output_sha256": "1c69fb61cb7d89936cb7374d20ddd6f60e9ce4c66214dc4f60be2e51750f1977",
            "output_sha512": "36b85072a7c54519cb864783d687b50a7a2d21e6a80daa924cecce5407d6119e07abaeb8266a58ebb4ef835ea678cecd42137feafb759644510e0be1ff6e1939",
            "output_size": 30575480,
            "source": [],
            "source_content": null,
            "source_content_filename": null,
            "source_dir": "../order-service",
            "source_file": null,
            "type": "zip"
          },
          "sensitive_attributes": [],
          "identity_schema_version": 0
        },
        {
          "index_key": "payment",
          "schema_version": 0,
          "attributes": {
            "exclude_symlink_directories": null,
            "excludes": null,
            "id": "482e2d69172b9beeff420805ff1aded53466d579",
            "output_base64sha256": "YTRVC4jDRTbzV6k8HO8JYYiLKYbLFyLClod2NJB6roU=",
            "output_base64sha512": "s0KAwloYrV7fuGd4H0+Q+41mcyq7LV2V6DRBO9JSXzpJyP+b8362yRmZrW7ph/Pkz4ZO6nhGO/OB1saivutZ5w==",
            "output_file_mode": null,
            "output_md5": "aadd4661d58a96ffbac45f6adc64b5c5",
            "output_path": "./build/payment.zip",
            "output_sha": "482e2d69172b9beeff420805ff1aded53466d579",
            "output_sha256": "6134550b88c34536f357a93c1cef0961888b2986cb1722c296877634907aae85",
            "output_sha512": "b34280c25a18ad5edfb867781f4f90fb8d66732abb2d5d95e834413bd2525f3a49c8ff9bf37eb6c91999ad6ee987f3e4cf864eea78463bf381d6c6a2beeb59e7",
            "output_size": 31061570,
            "source": [],
            "source_content": null,
            "source_content_filename": null,
            "source_dir": "../payment-service",
            "source_file": null,
            "type": "zip"
          },
          "sensitive_attributes": [],
          "identity_schema_version": 0
        },
        {
          "index_key": "product",
          "schema_version": 0,
          "attributes": {
            "exclude_symlink_directories": null,
            "excludes": null,
            "id": "e5f05cf27bc815830a1ea3c52da173a4e19bacb5",
            "output_base64sha256": "XPbU8KfHYHKut62KZHrwCvcLXn4vOiei0yBjzBiHtKU=",
            "output_base64sha512": "Pen/xi/q2i0gFJ1Os43LUTj/O8ZzlLhz7InwMRLleRcrOhhwESBb3bOPGEbxsUUdt3ucyb3IGDJHIjL03MpNUg==",
            "output_file_mode": null,
            "output_md5": "d9482890ae51b5c041c54119fa8fab78",
            "output_path": "./build/product.zip",
            "output_sha": "e5f05cf27bc815830a1ea3c52da173a4e19bacb5",
            "output_sha256": "5cf6d4f0a7c76072aeb7ad8a647af00af70b5e7e2f3a27a2d32063cc1887b4a5",
            "output_sha512": "3de9ffc62feada2d20149d4eb38dcb5138ff3bc67394b873ec89f03112e579172b3a187011205bddb38f1846f1b1451db77b9cc9bdc81832472232f4dcca4d52",
            "output_size": 46133721,
            "source": [],
            "source_content": null,
            "source_content_filename": null,
            "source_dir": "../product-service",
            "source_file": null,
            "type": "zip"
          },
          "sensitive_attributes": [],
          "identity_schema_version": 0
        }
      ]
    },
    {
      "mode": "data",
      "type": "aws_caller_identity",
      "name": "current",
      "provider": "provider[\"registry.terraform.io/hashicorp/aws\"]",
      "instances": [
        {
          "schema_version": 0,
          "attributes": {
            "account_id": "726101441380",
            "arn": "arn:aws:sts::726101441380:assumed-role/AWSReservedSSO_AWS-Academy-Developer_d6d0c9c82c7bf980/ramkumar.j@idp.com",
            "id": "726101441380",
            "user_id": "AROA2SDYEXNSEY5HVXV4Y:ramkumar.j@idp.com"
          },
          "sensitive_attributes": [],
          "identity_schema_version": 0
        }
      ]
    },
    {
      "mode": "data",
      "type": "aws_cloudfront_cache_policy",
      "name": "caching_optimized",
      "provider": "provider[\"registry.terraform.io/hashicorp/aws\"]",
      "instances": [
        {
          "schema_version": 0,
          "attributes": {
            "arn": "arn:aws:cloudfront::726101441380:cache-policy/658327ea-f89d-4fab-a63d-7e88639e58f6",
            "comment": "Policy with caching enabled. Supports Gzip and Brotli compression.",
            "default_ttl": 86400,
            "etag": "E23ZP02F085DFQ",
            "id": "658327ea-f89d-4fab-a63d-7e88639e58f6",
            "max_ttl": 31536000,
            "min_ttl": 1,
            "name": "Managed-CachingOptimized",
            "parameters_in_cache_key_and_forwarded_to_origin": [
              {
                "cookies_config": [
                  {
                    "cookie_behavior": "none",
                    "cookies": []
                  }
                ],
                "enable_accept_encoding_brotli": true,
                "enable_accept_encoding_gzip": true,
                "headers_config": [
                  {
                    "header_behavior": "none",
                    "headers": []
                  }
                ],
                "query_strings_config": [
                  {
                    "query_string_behavior": "none",
                    "query_strings": []
                  }
                ]
              }
            ]
          },
          "sensitive_attributes": [],
          "identity_schema_version": 0
        }
      ]
    },
    {
      "mode": "data",
      "type": "aws_region",
      "name": "current",
      "provider": "provider[\"registry.terraform.io/hashicorp/aws\"]",
      "instances": [
        {
          "schema_version": 0,
          "attributes": {
            "description": "Asia Pacific (Singapore)",
            "endpoint": "ec2.ap-southeast-1.amazonaws.com",
            "id": "ap-southeast-1",
            "name": "ap-southeast-1",
            "region": "ap-southeast-1"
          },
          "sensitive_attributes": [],
          "identity_schema_version": 0
        }
      ]
    },
    {
      "mode": "managed",
      "type": "aws_cloudfront_origin_access_control",
      "name": "frontend",
      "provider": "provider[\"registry.terraform.io/hashicorp/aws\"]",
      "instances": [
        {
          "schema_version": 0,
          "attributes": {
            "arn": "arn:aws:cloudfront::726101441380:origin-access-control/E29ND9GWWO2L0Y",
            "description": "OAC for frontend",
            "etag": "E3UN6WX5RRO2AG",
            "id": "E29ND9GWWO2L0Y",
            "name": "ram-ecom-oac",
            "origin_access_control_origin_type": "s3",
            "signing_behavior": "always",
            "signing_protocol": "sigv4"
          },
          "sensitive_attributes": [],
          "identity_schema_version": 0,
          "private": "bnVsbA=="
        }
      ]
    },
    {
      "mode": "managed",
      "type": "aws_lambda_function",
      "name": "service",
      "provider": "provider[\"registry.terraform.io/hashicorp/aws\"]",
      "instances": [
        {
          "index_key": "analytics",
          "schema_version": 0,
          "attributes": {
            "architectures": [
              "x86_64"
            ],
            "arn": "arn:aws:lambda:ap-southeast-1:726101441380:function:ram-analytical-service",
            "capacity_provider_config": [],
            "code_sha256": "zUdUridrNSUgbdQCzX0FCnlf167ls/sYolCiFVMBeJU=",
            "code_signing_config_arn": "",
            "dead_letter_config": [],
            "description": "",
            "durable_config": [],
            "environment": [
              {
                "variables": {
                  "ANALYTICS_TABLE": "ram-analytics",
                  "JWT_SECRET_KEY": "ocaPTLXoU67qVA_fDr7pLZdH9auaIzHy2Wxek92wuyfA1qlOqZBtUu5U_IjwSlzF7AYgcICMkO9K7Wf4MsLbwA"
                }
              }
            ],
            "ephemeral_storage": [
              {
                "size": 512
              }
            ],
            "file_system_config": [],
            "filename": "./build/analytics.zip",
            "function_name": "ram-analytical-service",
            "handler": "lambda_handler.lambda_handler",
            "id": "ram-analytical-service",
            "image_config": [],
            "image_uri": "",
            "invoke_arn": "arn:aws:apigateway:ap-southeast-1:lambda:path/2015-03-31/functions/arn:aws:lambda:ap-southeast-1:726101441380:function:ram-analytical-service/invocations",
            "kms_key_arn": "",
            "last_modified": "2026-08-05T15:43:59.000+0000",
            "layers": [],
            "logging_config": [
              {
                "application_log_level": "",
                "log_format": "Text",
                "log_group": "/aws/lambda/ram-analytical-service",
                "system_log_level": ""
              }
            ],
            "memory_size": 512,
            "package_type": "Zip",
            "publish": false,
            "publish_to": null,
            "qualified_arn": "arn:aws:lambda:ap-southeast-1:726101441380:function:ram-analytical-service:$LATEST",
            "qualified_invoke_arn": "arn:aws:apigateway:ap-southeast-1:lambda:path/2015-03-31/functions/arn:aws:lambda:ap-southeast-1:726101441380:function:ram-analytical-service:$LATEST/invocations",
            "region": "ap-southeast-1",
            "replace_security_groups_on_destroy": null,
            "replacement_security_group_ids": null,
            "reserved_concurrent_executions": -1,
            "response_streaming_invoke_arn": "arn:aws:apigateway:ap-southeast-1:lambda:path/2021-11-15/functions/arn:aws:lambda:ap-southeast-1:726101441380:function:ram-analytical-service/response-streaming-invocations",
            "role": "arn:aws:iam::726101441380:role/aws@backend_ram",
            "runtime": "python3.14",
            "s3_bucket": null,
            "s3_key": null,
            "s3_object_version": null,
            "signing_job_arn": "",
            "signing_profile_version_arn": "",
            "skip_destroy": false,
            "snap_start": [],
            "source_code_hash": "zUdUridrNSUgbdQCzX0FCnlf167ls/sYolCiFVMBeJU=",
            "source_code_size": 43110587,
            "source_kms_key_arn": "",
            "tags": {
              "ApplicationService": "appln",
              "CostCentre": "cost",
              "Environment": "dev",
              "Project": "ecommerce"
            },
            "tags_all": {
              "ApplicationService": "appln",
              "CostCentre": "cost",
              "Environment": "dev",
              "Project": "ecommerce"
            },
            "tenancy_config": [],
            "timeout": 30,
            "timeouts": null,
            "tracing_config": [
              {
                "mode": "PassThrough"
              }
            ],
            "use_resource_timeout_for_propagation": null,
            "version": "$LATEST",
            "vpc_config": []
          },
          "sensitive_attributes": [
            [
              {
                "type": "get_attr",
                "value": "environment"
              },
              {
                "type": "index",
                "value": {
                  "value": 0,
                  "type": "number"
                }
              },
              {
                "type": "get_attr",
                "value": "variables"
              },
              {
                "type": "index",
                "value": {
                  "value": "JWT_SECRET_KEY",
                  "type": "string"
                }
              }
            ]
          ],
          "identity_schema_version": 0,
          "identity": {
            "account_id": "726101441380",
            "function_name": "ram-analytical-service",
            "region": "ap-southeast-1"
          },
          "private": "eyJlMmJmYjczMC1lY2FhLTExZTYtOGY4OC0zNDM2M2JjN2M0YzAiOnsiY3JlYXRlIjo2MDAwMDAwMDAwMDAsImRlbGV0ZSI6NjAwMDAwMDAwMDAwLCJ1cGRhdGUiOjYwMDAwMDAwMDAwMH19",
          "dependencies": [
            "data.archive_file.lambda_zip"
          ]
        },
        {
          "index_key": "auth",
          "schema_version": 0,
          "attributes": {
            "architectures": [
              "x86_64"
            ],
            "arn": "arn:aws:lambda:ap-southeast-1:726101441380:function:ram-auth-service",
            "capacity_provider_config": [],
            "code_sha256": "6W17bDY+9ObAmrWJMj/t72KFt/qj0vNVI9UHLIPuc30=",
            "code_signing_config_arn": "",
            "dead_letter_config": [],
            "description": "",
            "durable_config": [],
            "environment": [
              {
                "variables": {
                  "JWT_SECRET_KEY": "ocaPTLXoU67qVA_fDr7pLZdH9auaIzHy2Wxek92wuyfA1qlOqZBtUu5U_IjwSlzF7AYgcICMkO9K7Wf4MsLbwA",
                  "USER_TABLE": "ram-users"
                }
              }
            ],
            "ephemeral_storage": [
              {
                "size": 512
              }
            ],
            "file_system_config": [],
            "filename": "./build/auth.zip",
            "function_name": "ram-auth-service",
            "handler": "lambda_handler.lambda_handler",
            "id": "ram-auth-service",
            "image_config": [],
            "image_uri": "",
            "invoke_arn": "arn:aws:apigateway:ap-southeast-1:lambda:path/2015-03-31/functions/arn:aws:lambda:ap-southeast-1:726101441380:function:ram-auth-service/invocations",
            "kms_key_arn": "",
            "last_modified": "2026-08-05T16:47:21.000+0000",
            "layers": [],
            "logging_config": [
              {
                "application_log_level": "",
                "log_format": "Text",
                "log_group": "/aws/lambda/ram-auth-service",
                "system_log_level": ""
              }
            ],
            "memory_size": 512,
            "package_type": "Zip",
            "publish": false,
            "publish_to": null,
            "qualified_arn": "arn:aws:lambda:ap-southeast-1:726101441380:function:ram-auth-service:$LATEST",
            "qualified_invoke_arn": "arn:aws:apigateway:ap-southeast-1:lambda:path/2015-03-31/functions/arn:aws:lambda:ap-southeast-1:726101441380:function:ram-auth-service:$LATEST/invocations",
            "region": "ap-southeast-1",
            "replace_security_groups_on_destroy": null,
            "replacement_security_group_ids": null,
            "reserved_concurrent_executions": -1,
            "response_streaming_invoke_arn": "arn:aws:apigateway:ap-southeast-1:lambda:path/2021-11-15/functions/arn:aws:lambda:ap-southeast-1:726101441380:function:ram-auth-service/response-streaming-invocations",
            "role": "arn:aws:iam::726101441380:role/aws@backend_ram",
            "runtime": "python3.14",
            "s3_bucket": null,
            "s3_key": null,
            "s3_object_version": null,
            "signing_job_arn": "",
            "signing_profile_version_arn": "",
            "skip_destroy": false,
            "snap_start": [],
            "source_code_hash": "6W17bDY+9ObAmrWJMj/t72KFt/qj0vNVI9UHLIPuc30=",
            "source_code_size": 29045263,
            "source_kms_key_arn": "",
            "tags": {
              "ApplicationService": "appln",
              "CostCentre": "cost",
              "Environment": "dev",
              "Project": "ecommerce"
            },
            "tags_all": {
              "ApplicationService": "appln",
              "CostCentre": "cost",
              "Environment": "dev",
              "Project": "ecommerce"
            },
            "tenancy_config": [],
            "timeout": 30,
            "timeouts": null,
            "tracing_config": [
              {
                "mode": "PassThrough"
              }
            ],
            "use_resource_timeout_for_propagation": null,
            "version": "$LATEST",
            "vpc_config": []
          },
          "sensitive_attributes": [
            [
              {
                "type": "get_attr",
                "value": "environment"
              },
              {
                "type": "index",
                "value": {
                  "value": 0,
                  "type": "number"
                }
              },
              {
                "type": "get_attr",
                "value": "variables"
              },
              {
                "type": "index",
                "value": {
                  "value": "JWT_SECRET_KEY",
                  "type": "string"
                }
              }
            ]
          ],
          "identity_schema_version": 0,
          "identity": {
            "account_id": "726101441380",
            "function_name": "ram-auth-service",
            "region": "ap-southeast-1"
          },
          "private": "eyJlMmJmYjczMC1lY2FhLTExZTYtOGY4OC0zNDM2M2JjN2M0YzAiOnsiY3JlYXRlIjo2MDAwMDAwMDAwMDAsImRlbGV0ZSI6NjAwMDAwMDAwMDAwLCJ1cGRhdGUiOjYwMDAwMDAwMDAwMH19",
          "dependencies": [
            "data.archive_file.lambda_zip"
          ]
        },
        {
          "index_key": "cart",
          "schema_version": 0,
          "attributes": {
            "architectures": [
              "x86_64"
            ],
            "arn": "arn:aws:lambda:ap-southeast-1:726101441380:function:ram-cart-service",
            "capacity_provider_config": [],
            "code_sha256": "mW97VJLT7GDKcqwYbnC6j358IHVwIROZmImXu/nqMB4=",
            "code_signing_config_arn": "",
            "dead_letter_config": [],
            "description": "",
            "durable_config": [],
            "environment": [
              {
                "variables": {
                  "CART_TABLE": "ram-carts",
                  "INVENTORY_SERVICE_URL": "https://nj6zjlwffi.execute-api.ap-southeast-1.amazonaws.com/api/v1/inventory",
                  "JWT_SECRET_KEY": "ocaPTLXoU67qVA_fDr7pLZdH9auaIzHy2Wxek92wuyfA1qlOqZBtUu5U_IjwSlzF7AYgcICMkO9K7Wf4MsLbwA",
                  "PRODUCT_SERVICE_URL": "https://ozqkz0sa3j.execute-api.ap-southeast-1.amazonaws.com/api/v1/products"
                }
              }
            ],
            "ephemeral_storage": [
              {
                "size": 512
              }
            ],
            "file_system_config": [],
            "filename": "./build/cart.zip",
            "function_name": "ram-cart-service",
            "handler": "lambda_handler.lambda_handler",
            "id": "ram-cart-service",
            "image_config": [],
            "image_uri": "",
            "invoke_arn": "arn:aws:apigateway:ap-southeast-1:lambda:path/2015-03-31/functions/arn:aws:lambda:ap-southeast-1:726101441380:function:ram-cart-service/invocations",
            "kms_key_arn": "",
            "last_modified": "2026-08-05T17:09:11.000+0000",
            "layers": [],
            "logging_config": [
              {
                "application_log_level": "",
                "log_format": "Text",
                "log_group": "/aws/lambda/ram-cart-service",
                "system_log_level": ""
              }
            ],
            "memory_size": 512,
            "package_type": "Zip",
            "publish": false,
            "publish_to": null,
            "qualified_arn": "arn:aws:lambda:ap-southeast-1:726101441380:function:ram-cart-service:$LATEST",
            "qualified_invoke_arn": "arn:aws:apigateway:ap-southeast-1:lambda:path/2015-03-31/functions/arn:aws:lambda:ap-southeast-1:726101441380:function:ram-cart-service:$LATEST/invocations",
            "region": "ap-southeast-1",
            "replace_security_groups_on_destroy": null,
            "replacement_security_group_ids": null,
            "reserved_concurrent_executions": -1,
            "response_streaming_invoke_arn": "arn:aws:apigateway:ap-southeast-1:lambda:path/2021-11-15/functions/arn:aws:lambda:ap-southeast-1:726101441380:function:ram-cart-service/response-streaming-invocations",
            "role": "arn:aws:iam::726101441380:role/aws@backend_ram",
            "runtime": "python3.14",
            "s3_bucket": null,
            "s3_key": null,
            "s3_object_version": null,
            "signing_job_arn": "",
            "signing_profile_version_arn": "",
            "skip_destroy": false,
            "snap_start": [],
            "source_code_hash": "mW97VJLT7GDKcqwYbnC6j358IHVwIROZmImXu/nqMB4=",
            "source_code_size": 30559208,
            "source_kms_key_arn": "",
            "tags": {
              "ApplicationService": "appln",
              "CostCentre": "cost",
              "Environment": "dev",
              "Project": "ecommerce"
            },
            "tags_all": {
              "ApplicationService": "appln",
              "CostCentre": "cost",
              "Environment": "dev",
              "Project": "ecommerce"
            },
            "tenancy_config": [],
            "timeout": 30,
            "timeouts": null,
            "tracing_config": [
              {
                "mode": "PassThrough"
              }
            ],
            "use_resource_timeout_for_propagation": null,
            "version": "$LATEST",
            "vpc_config": []
          },
          "sensitive_attributes": [
            [
              {
                "type": "get_attr",
                "value": "environment"
              },
              {
                "type": "index",
                "value": {
                  "value": 0,
                  "type": "number"
                }
              },
              {
                "type": "get_attr",
                "value": "variables"
              },
              {
                "type": "index",
                "value": {
                  "value": "JWT_SECRET_KEY",
                  "type": "string"
                }
              }
            ]
          ],
          "identity_schema_version": 0,
          "identity": {
            "account_id": "726101441380",
            "function_name": "ram-cart-service",
            "region": "ap-southeast-1"
          },
          "private": "eyJlMmJmYjczMC1lY2FhLTExZTYtOGY4OC0zNDM2M2JjN2M0YzAiOnsiY3JlYXRlIjo2MDAwMDAwMDAwMDAsImRlbGV0ZSI6NjAwMDAwMDAwMDAwLCJ1cGRhdGUiOjYwMDAwMDAwMDAwMH19",
          "dependencies": [
            "data.archive_file.lambda_zip"
          ]
        },
        {
          "index_key": "inventory",
          "schema_version": 0,
          "attributes": {
            "architectures": [
              "x86_64"
            ],
            "arn": "arn:aws:lambda:ap-southeast-1:726101441380:function:ram-inventory-service",
            "capacity_provider_config": [],
            "code_sha256": "TUqU0N+uE/chhbsaE1eK7UjFYq1d676gScav7/hyJ8E=",
            "code_signing_config_arn": "",
            "dead_letter_config": [],
            "description": "",
            "durable_config": [],
            "environment": [
              {
                "variables": {
                  "INVENTORY_TABLE": "ram-inventory",
                  "JWT_SECRET_KEY": "ocaPTLXoU67qVA_fDr7pLZdH9auaIzHy2Wxek92wuyfA1qlOqZBtUu5U_IjwSlzF7AYgcICMkO9K7Wf4MsLbwA"
                }
              }
            ],
            "ephemeral_storage": [
              {
                "size": 512
              }
            ],
            "file_system_config": [],
            "filename": "./build/inventory.zip",
            "function_name": "ram-inventory-service",
            "handler": "lambda_handler.lambda_handler",
            "id": "ram-inventory-service",
            "image_config": [],
            "image_uri": "",
            "invoke_arn": "arn:aws:apigateway:ap-southeast-1:lambda:path/2015-03-31/functions/arn:aws:lambda:ap-southeast-1:726101441380:function:ram-inventory-service/invocations",
            "kms_key_arn": "",
            "last_modified": "2026-08-05T16:21:21.000+0000",
            "layers": [],
            "logging_config": [
              {
                "application_log_level": "",
                "log_format": "Text",
                "log_group": "/aws/lambda/ram-inventory-service",
                "system_log_level": ""
              }
            ],
            "memory_size": 512,
            "package_type": "Zip",
            "publish": false,
            "publish_to": null,
            "qualified_arn": "arn:aws:lambda:ap-southeast-1:726101441380:function:ram-inventory-service:$LATEST",
            "qualified_invoke_arn": "arn:aws:apigateway:ap-southeast-1:lambda:path/2015-03-31/functions/arn:aws:lambda:ap-southeast-1:726101441380:function:ram-inventory-service:$LATEST/invocations",
            "region": "ap-southeast-1",
            "replace_security_groups_on_destroy": null,
            "replacement_security_group_ids": null,
            "reserved_concurrent_executions": -1,
            "response_streaming_invoke_arn": "arn:aws:apigateway:ap-southeast-1:lambda:path/2021-11-15/functions/arn:aws:lambda:ap-southeast-1:726101441380:function:ram-inventory-service/response-streaming-invocations",
            "role": "arn:aws:iam::726101441380:role/aws@backend_ram",
            "runtime": "python3.14",
            "s3_bucket": null,
            "s3_key": null,
            "s3_object_version": null,
            "signing_job_arn": "",
            "signing_profile_version_arn": "",
            "skip_destroy": false,
            "snap_start": [],
            "source_code_hash": "TUqU0N+uE/chhbsaE1eK7UjFYq1d676gScav7/hyJ8E=",
            "source_code_size": 30556477,
            "source_kms_key_arn": "",
            "tags": {
              "ApplicationService": "appln",
              "CostCentre": "cost",
              "Environment": "dev",
              "Project": "ecommerce"
            },
            "tags_all": {
              "ApplicationService": "appln",
              "CostCentre": "cost",
              "Environment": "dev",
              "Project": "ecommerce"
            },
            "tenancy_config": [],
            "timeout": 30,
            "timeouts": null,
            "tracing_config": [
              {
                "mode": "PassThrough"
              }
            ],
            "use_resource_timeout_for_propagation": null,
            "version": "$LATEST",
            "vpc_config": []
          },
          "sensitive_attributes": [
            [
              {
                "type": "get_attr",
                "value": "environment"
              },
              {
                "type": "index",
                "value": {
                  "value": 0,
                  "type": "number"
                }
              },
              {
                "type": "get_attr",
                "value": "variables"
              },
              {
                "type": "index",
                "value": {
                  "value": "JWT_SECRET_KEY",
                  "type": "string"
                }
              }
            ]
          ],
          "identity_schema_version": 0,
          "identity": {
            "account_id": "726101441380",
            "function_name": "ram-inventory-service",
            "region": "ap-southeast-1"
          },
          "private": "eyJlMmJmYjczMC1lY2FhLTExZTYtOGY4OC0zNDM2M2JjN2M0YzAiOnsiY3JlYXRlIjo2MDAwMDAwMDAwMDAsImRlbGV0ZSI6NjAwMDAwMDAwMDAwLCJ1cGRhdGUiOjYwMDAwMDAwMDAwMH19",
          "dependencies": [
            "data.archive_file.lambda_zip"
          ]
        },
        {
          "index_key": "notification",
          "schema_version": 0,
          "attributes": {
            "architectures": [
              "x86_64"
            ],
            "arn": "arn:aws:lambda:ap-southeast-1:726101441380:function:ram-notification-service",
            "capacity_provider_config": [],
            "code_sha256": "NwwHB+y+cIhhyNbm7qcwpavCmnWGWey0PXUHPEZ1L+8=",
            "code_signing_config_arn": "",
            "dead_letter_config": [],
            "description": "",
            "durable_config": [],
            "environment": [
              {
                "variables": {
                  "EMAIL_FROM": "ramkumar81637@gmail.com",
                  "FRONTEND_URL": "http://localhost:8080",
                  "JWT_SECRET_KEY": "ocaPTLXoU67qVA_fDr7pLZdH9auaIzHy2Wxek92wuyfA1qlOqZBtUu5U_IjwSlzF7AYgcICMkO9K7Wf4MsLbwA",
                  "NOTIFICATION_TABLE": "ram-notifications"
                }
              }
            ],
            "ephemeral_storage": [
              {
                "size": 512
              }
            ],
            "file_system_config": [],
            "filename": "./build/notification.zip",
            "function_name": "ram-notification-service",
            "handler": "lambda_handler.lambda_handler",
            "id": "ram-notification-service",
            "image_config": [],
            "image_uri": "",
            "invoke_arn": "arn:aws:apigateway:ap-southeast-1:lambda:path/2015-03-31/functions/arn:aws:lambda:ap-southeast-1:726101441380:function:ram-notification-service/invocations",
            "kms_key_arn": "",
            "last_modified": "2026-08-05T16:55:16.000+0000",
            "layers": [],
            "logging_config": [
              {
                "application_log_level": "",
                "log_format": "Text",
                "log_group": "/aws/lambda/ram-notification-service",
                "system_log_level": ""
              }
            ],
            "memory_size": 512,
            "package_type": "Zip",
            "publish": false,
            "publish_to": null,
            "qualified_arn": "arn:aws:lambda:ap-southeast-1:726101441380:function:ram-notification-service:$LATEST",
            "qualified_invoke_arn": "arn:aws:apigateway:ap-southeast-1:lambda:path/2015-03-31/functions/arn:aws:lambda:ap-southeast-1:726101441380:function:ram-notification-service:$LATEST/invocations",
            "region": "ap-southeast-1",
            "replace_security_groups_on_destroy": null,
            "replacement_security_group_ids": null,
            "reserved_concurrent_executions": -1,
            "response_streaming_invoke_arn": "arn:aws:apigateway:ap-southeast-1:lambda:path/2021-11-15/functions/arn:aws:lambda:ap-southeast-1:726101441380:function:ram-notification-service/response-streaming-invocations",
            "role": "arn:aws:iam::726101441380:role/aws@backend_ram",
            "runtime": "python3.14",
            "s3_bucket": null,
            "s3_key": null,
            "s3_object_version": null,
            "signing_job_arn": "",
            "signing_profile_version_arn": "",
            "skip_destroy": false,
            "snap_start": [],
            "source_code_hash": "NwwHB+y+cIhhyNbm7qcwpavCmnWGWey0PXUHPEZ1L+8=",
            "source_code_size": 30592753,
            "source_kms_key_arn": "",
            "tags": {
              "ApplicationService": "appln",
              "CostCentre": "cost",
              "Environment": "dev",
              "Project": "ecommerce"
            },
            "tags_all": {
              "ApplicationService": "appln",
              "CostCentre": "cost",
              "Environment": "dev",
              "Project": "ecommerce"
            },
            "tenancy_config": [],
            "timeout": 30,
            "timeouts": null,
            "tracing_config": [
              {
                "mode": "PassThrough"
              }
            ],
            "use_resource_timeout_for_propagation": null,
            "version": "$LATEST",
            "vpc_config": []
          },
          "sensitive_attributes": [
            [
              {
                "type": "get_attr",
                "value": "environment"
              },
              {
                "type": "index",
                "value": {
                  "value": 0,
                  "type": "number"
                }
              },
              {
                "type": "get_attr",
                "value": "variables"
              },
              {
                "type": "index",
                "value": {
                  "value": "JWT_SECRET_KEY",
                  "type": "string"
                }
              }
            ]
          ],
          "identity_schema_version": 0,
          "identity": {
            "account_id": "726101441380",
            "function_name": "ram-notification-service",
            "region": "ap-southeast-1"
          },
          "private": "eyJlMmJmYjczMC1lY2FhLTExZTYtOGY4OC0zNDM2M2JjN2M0YzAiOnsiY3JlYXRlIjo2MDAwMDAwMDAwMDAsImRlbGV0ZSI6NjAwMDAwMDAwMDAwLCJ1cGRhdGUiOjYwMDAwMDAwMDAwMH19",
          "dependencies": [
            "data.archive_file.lambda_zip"
          ]
        },
        {
          "index_key": "order",
          "schema_version": 0,
          "attributes": {
            "architectures": [
              "x86_64"
            ],
            "arn": "arn:aws:lambda:ap-southeast-1:726101441380:function:ram-order-service",
            "capacity_provider_config": [],
            "code_sha256": "HGn7Yct9iZNstzdNIN3W9g6c5MZiFNxPYL4uUXUPGXc=",
            "code_signing_config_arn": "",
            "dead_letter_config": [],
            "description": "",
            "durable_config": [],
            "environment": [
              {
                "variables": {
                  "INVENTORY_SERVICE_URL": "https://nj6zjlwffi.execute-api.ap-southeast-1.amazonaws.com/api/v1/inventory",
                  "JWT_SECRET_KEY": "ocaPTLXoU67qVA_fDr7pLZdH9auaIzHy2Wxek92wuyfA1qlOqZBtUu5U_IjwSlzF7AYgcICMkO9K7Wf4MsLbwA",
                  "ORDER_SNS_TOPIC_ARN": "arn:aws:sns:ap-southeast-1:726101441380:ram-order-events",
                  "ORDER_TABLE": "ram-orders",
                  "PRODUCT_SERVICE_URL": "https://ozqkz0sa3j.execute-api.ap-southeast-1.amazonaws.com/api/v1/products"
                }
              }
            ],
            "ephemeral_storage": [
              {
                "size": 512
              }
            ],
            "file_system_config": [],
            "filename": "./build/order.zip",
            "function_name": "ram-order-service",
            "handler": "lambda_handler.lambda_handler",
            "id": "ram-order-service",
            "image_config": [],
            "image_uri": "",
            "invoke_arn": "arn:aws:apigateway:ap-southeast-1:lambda:path/2015-03-31/functions/arn:aws:lambda:ap-southeast-1:726101441380:function:ram-order-service/invocations",
            "kms_key_arn": "",
            "last_modified": "2026-08-05T17:02:59.000+0000",
            "layers": [],
            "logging_config": [
              {
                "application_log_level": "",
                "log_format": "Text",
                "log_group": "/aws/lambda/ram-order-service",
                "system_log_level": ""
              }
            ],
            "memory_size": 512,
            "package_type": "Zip",
            "publish": false,
            "publish_to": null,
            "qualified_arn": "arn:aws:lambda:ap-southeast-1:726101441380:function:ram-order-service:$LATEST",
            "qualified_invoke_arn": "arn:aws:apigateway:ap-southeast-1:lambda:path/2015-03-31/functions/arn:aws:lambda:ap-southeast-1:726101441380:function:ram-order-service:$LATEST/invocations",
            "region": "ap-southeast-1",
            "replace_security_groups_on_destroy": null,
            "replacement_security_group_ids": null,
            "reserved_concurrent_executions": -1,
            "response_streaming_invoke_arn": "arn:aws:apigateway:ap-southeast-1:lambda:path/2021-11-15/functions/arn:aws:lambda:ap-southeast-1:726101441380:function:ram-order-service/response-streaming-invocations",
            "role": "arn:aws:iam::726101441380:role/aws@backend_ram",
            "runtime": "python3.14",
            "s3_bucket": null,
            "s3_key": null,
            "s3_object_version": null,
            "signing_job_arn": "",
            "signing_profile_version_arn": "",
            "skip_destroy": false,
            "snap_start": [],
            "source_code_hash": "HGn7Yct9iZNstzdNIN3W9g6c5MZiFNxPYL4uUXUPGXc=",
            "source_code_size": 30575480,
            "source_kms_key_arn": "",
            "tags": {
              "ApplicationService": "appln",
              "CostCentre": "cost",
              "Environment": "dev",
              "Project": "ecommerce"
            },
            "tags_all": {
              "ApplicationService": "appln",
              "CostCentre": "cost",
              "Environment": "dev",
              "Project": "ecommerce"
            },
            "tenancy_config": [],
            "timeout": 30,
            "timeouts": null,
            "tracing_config": [
              {
                "mode": "PassThrough"
              }
            ],
            "use_resource_timeout_for_propagation": null,
            "version": "$LATEST",
            "vpc_config": []
          },
          "sensitive_attributes": [
            [
              {
                "type": "get_attr",
                "value": "environment"
              },
              {
                "type": "index",
                "value": {
                  "value": 0,
                  "type": "number"
                }
              },
              {
                "type": "get_attr",
                "value": "variables"
              },
              {
                "type": "index",
                "value": {
                  "value": "JWT_SECRET_KEY",
                  "type": "string"
                }
              }
            ]
          ],
          "identity_schema_version": 0,
          "identity": {
            "account_id": "726101441380",
            "function_name": "ram-order-service",
            "region": "ap-southeast-1"
          },
          "private": "eyJlMmJmYjczMC1lY2FhLTExZTYtOGY4OC0zNDM2M2JjN2M0YzAiOnsiY3JlYXRlIjo2MDAwMDAwMDAwMDAsImRlbGV0ZSI6NjAwMDAwMDAwMDAwLCJ1cGRhdGUiOjYwMDAwMDAwMDAwMH19",
          "dependencies": [
            "data.archive_file.lambda_zip"
          ]
        },
        {
          "index_key": "payment",
          "schema_version": 0,
          "attributes": {
            "architectures": [
              "x86_64"
            ],
            "arn": "arn:aws:lambda:ap-southeast-1:726101441380:function:ram-payment-service",
            "capacity_provider_config": [],
            "code_sha256": "YTRVC4jDRTbzV6k8HO8JYYiLKYbLFyLClod2NJB6roU=",
            "code_signing_config_arn": "",
            "dead_letter_config": [],
            "description": "",
            "durable_config": [],
            "environment": [
              {
                "variables": {
                  "JWT_SECRET_KEY": "ocaPTLXoU67qVA_fDr7pLZdH9auaIzHy2Wxek92wuyfA1qlOqZBtUu5U_IjwSlzF7AYgcICMkO9K7Wf4MsLbwA",
                  "ORDER_SERVICE_URL": "https://cnslsh1jye.execute-api.ap-southeast-1.amazonaws.com/api/v1/orders",
                  "PAYMENT_SNS_TOPIC_ARN": "arn:aws:sns:ap-southeast-1:726101441380:ram-payment-events",
                  "PAYMENT_TABLE": "ram-payments"
                }
              }
            ],
            "ephemeral_storage": [
              {
                "size": 512
              }
            ],
            "file_system_config": [],
            "filename": "./build/payment.zip",
            "function_name": "ram-payment-service",
            "handler": "lambda_handler.lambda_handler",
            "id": "ram-payment-service",
            "image_config": [],
            "image_uri": "",
            "invoke_arn": "arn:aws:apigateway:ap-southeast-1:lambda:path/2015-03-31/functions/arn:aws:lambda:ap-southeast-1:726101441380:function:ram-payment-service/invocations",
            "kms_key_arn": "",
            "last_modified": "2026-08-05T15:40:42.000+0000",
            "layers": [],
            "logging_config": [
              {
                "application_log_level": "",
                "log_format": "Text",
                "log_group": "/aws/lambda/ram-payment-service",
                "system_log_level": ""
              }
            ],
            "memory_size": 512,
            "package_type": "Zip",
            "publish": false,
            "publish_to": null,
            "qualified_arn": "arn:aws:lambda:ap-southeast-1:726101441380:function:ram-payment-service:$LATEST",
            "qualified_invoke_arn": "arn:aws:apigateway:ap-southeast-1:lambda:path/2015-03-31/functions/arn:aws:lambda:ap-southeast-1:726101441380:function:ram-payment-service:$LATEST/invocations",
            "region": "ap-southeast-1",
            "replace_security_groups_on_destroy": null,
            "replacement_security_group_ids": null,
            "reserved_concurrent_executions": -1,
            "response_streaming_invoke_arn": "arn:aws:apigateway:ap-southeast-1:lambda:path/2021-11-15/functions/arn:aws:lambda:ap-southeast-1:726101441380:function:ram-payment-service/response-streaming-invocations",
            "role": "arn:aws:iam::726101441380:role/aws@backend_ram",
            "runtime": "python3.14",
            "s3_bucket": null,
            "s3_key": null,
            "s3_object_version": null,
            "signing_job_arn": "",
            "signing_profile_version_arn": "",
            "skip_destroy": false,
            "snap_start": [],
            "source_code_hash": "YTRVC4jDRTbzV6k8HO8JYYiLKYbLFyLClod2NJB6roU=",
            "source_code_size": 31061570,
            "source_kms_key_arn": "",
            "tags": {
              "ApplicationService": "appln",
              "CostCentre": "cost",
              "Environment": "dev",
              "Project": "ecommerce"
            },
            "tags_all": {
              "ApplicationService": "appln",
              "CostCentre": "cost",
              "Environment": "dev",
              "Project": "ecommerce"
            },
            "tenancy_config": [],
            "timeout": 30,
            "timeouts": null,
            "tracing_config": [
              {
                "mode": "PassThrough"
              }
            ],
            "use_resource_timeout_for_propagation": null,
            "version": "$LATEST",
            "vpc_config": []
          },
          "sensitive_attributes": [
            [
              {
                "type": "get_attr",
                "value": "environment"
              },
              {
                "type": "index",
                "value": {
                  "value": 0,
                  "type": "number"
                }
              },
              {
                "type": "get_attr",
                "value": "variables"
              },
              {
                "type": "index",
                "value": {
                  "value": "JWT_SECRET_KEY",
                  "type": "string"
                }
              }
            ]
          ],
          "identity_schema_version": 0,
          "identity": {
            "account_id": "726101441380",
            "function_name": "ram-payment-service",
            "region": "ap-southeast-1"
          },
          "private": "eyJlMmJmYjczMC1lY2FhLTExZTYtOGY4OC0zNDM2M2JjN2M0YzAiOnsiY3JlYXRlIjo2MDAwMDAwMDAwMDAsImRlbGV0ZSI6NjAwMDAwMDAwMDAwLCJ1cGRhdGUiOjYwMDAwMDAwMDAwMH19",
          "dependencies": [
            "data.archive_file.lambda_zip"
          ]
        },
        {
          "index_key": "product",
          "schema_version": 0,
          "attributes": {
            "architectures": [
              "x86_64"
            ],
            "arn": "arn:aws:lambda:ap-southeast-1:726101441380:function:ram-product-service",
            "capacity_provider_config": [],
            "code_sha256": "XPbU8KfHYHKut62KZHrwCvcLXn4vOiei0yBjzBiHtKU=",
            "code_signing_config_arn": "",
            "dead_letter_config": [],
            "description": "",
            "durable_config": [],
            "environment": [
              {
                "variables": {
                  "JWT_SECRET_KEY": "ocaPTLXoU67qVA_fDr7pLZdH9auaIzHy2Wxek92wuyfA1qlOqZBtUu5U_IjwSlzF7AYgcICMkO9K7Wf4MsLbwA",
                  "PRODUCT_EVENTS_TOPIC_ARN": "arn:aws:sns:ap-southeast-1:726101441380:ram-product-events",
                  "PRODUCT_TABLE": "ram-products",
                  "S3_BUCKET_NAME": "ram-ecom-product-images"
                }
              }
            ],
            "ephemeral_storage": [
              {
                "size": 512
              }
            ],
            "file_system_config": [],
            "filename": "./build/product.zip",
            "function_name": "ram-product-service",
            "handler": "lambda_handler.lambda_handler",
            "id": "ram-product-service",
            "image_config": [],
            "image_uri": "",
            "invoke_arn": "arn:aws:apigateway:ap-southeast-1:lambda:path/2015-03-31/functions/arn:aws:lambda:ap-southeast-1:726101441380:function:ram-product-service/invocations",
            "kms_key_arn": "",
            "last_modified": "2026-08-05T15:27:09.000+0000",
            "layers": [],
            "logging_config": [
              {
                "application_log_level": "",
                "log_format": "Text",
                "log_group": "/aws/lambda/ram-product-service",
                "system_log_level": ""
              }
            ],
            "memory_size": 512,
            "package_type": "Zip",
            "publish": false,
            "publish_to": null,
            "qualified_arn": "arn:aws:lambda:ap-southeast-1:726101441380:function:ram-product-service:$LATEST",
            "qualified_invoke_arn": "arn:aws:apigateway:ap-southeast-1:lambda:path/2015-03-31/functions/arn:aws:lambda:ap-southeast-1:726101441380:function:ram-product-service:$LATEST/invocations",
            "region": "ap-southeast-1",
            "replace_security_groups_on_destroy": null,
            "replacement_security_group_ids": null,
            "reserved_concurrent_executions": -1,
            "response_streaming_invoke_arn": "arn:aws:apigateway:ap-southeast-1:lambda:path/2021-11-15/functions/arn:aws:lambda:ap-southeast-1:726101441380:function:ram-product-service/response-streaming-invocations",
            "role": "arn:aws:iam::726101441380:role/aws@backend_ram",
            "runtime": "python3.14",
            "s3_bucket": null,
            "s3_key": null,
            "s3_object_version": null,
            "signing_job_arn": "",
            "signing_profile_version_arn": "",
            "skip_destroy": false,
            "snap_start": [],
            "source_code_hash": "XPbU8KfHYHKut62KZHrwCvcLXn4vOiei0yBjzBiHtKU=",
            "source_code_size": 46133721,
            "source_kms_key_arn": "",
            "tags": {
              "ApplicationService": "appln",
              "CostCentre": "cost",
              "Environment": "dev",
              "Project": "ecommerce"
            },
            "tags_all": {
              "ApplicationService": "appln",
              "CostCentre": "cost",
              "Environment": "dev",
              "Project": "ecommerce"
            },
            "tenancy_config": [],
            "timeout": 30,
            "timeouts": null,
            "tracing_config": [
              {
                "mode": "PassThrough"
              }
            ],
            "use_resource_timeout_for_propagation": null,
            "version": "$LATEST",
            "vpc_config": []
          },
          "sensitive_attributes": [
            [
              {
                "type": "get_attr",
                "value": "environment"
              },
              {
                "type": "index",
                "value": {
                  "value": 0,
                  "type": "number"
                }
              },
              {
                "type": "get_attr",
                "value": "variables"
              },
              {
                "type": "index",
                "value": {
                  "value": "JWT_SECRET_KEY",
                  "type": "string"
                }
              }
            ]
          ],
          "identity_schema_version": 0,
          "identity": {
            "account_id": "726101441380",
            "function_name": "ram-product-service",
            "region": "ap-southeast-1"
          },
          "private": "eyJlMmJmYjczMC1lY2FhLTExZTYtOGY4OC0zNDM2M2JjN2M0YzAiOnsiY3JlYXRlIjo2MDAwMDAwMDAwMDAsImRlbGV0ZSI6NjAwMDAwMDAwMDAwLCJ1cGRhdGUiOjYwMDAwMDAwMDAwMH19",
          "dependencies": [
            "data.archive_file.lambda_zip"
          ]
        }
      ]
    },
    {
      "mode": "managed",
      "type": "random_string",
      "name": "suffix",
      "provider": "provider[\"registry.terraform.io/hashicorp/random\"]",
      "instances": []
    }
  ],
  "check_results": null
}
